
Microsoft Visual Studio Solution File, Format Version 12.00
# Visual Studio Version 16
VisualStudioVersion = 16.0.29020.237
MinimumVisualStudioVersion = 10.0.40219.1
Project("{FAE04EC0-301F-11D3-BF4B-00C04F79EFBC}") = "CodeSnippets_Core", "CodeSnippets_Core.csproj", "{87D86D2B-98BA-4AFF-BAA7-3088D90A58F6}"
EndProject
Global
	GlobalSection(SolutionConfigurationPlatforms) = preSolution
		Debug|Any CPU = Debug|Any CPU
		Release|Any CPU = Release|Any CPU
	EndGlobalSection
	GlobalSection(ProjectConfigurationPlatforms) = postSolution
		{87D86D2B-98BA-4AFF-BAA7-3088D90A58F6}.Debug|Any CPU.ActiveCfg = Debug|Any CPU
		{87D86D2B-98BA-4AFF-BAA7-3088D90A58F6}.Debug|Any CPU.Build.0 = Debug|Any CPU
		{87D86D2B-98BA-4AFF-BAA7-3088D90A58F6}.Release|Any CPU.ActiveCfg = Release|Any CPU
		{87D86D2B-98BA-4AFF-BAA7-3088D90A58F6}.Release|Any CPU.Build.0 = Release|Any CPU
	EndGlobalSection
	GlobalSection(SolutionProperties) = preSolution
		HideSolutionNode = FALSE
	EndGlobalSection
	GlobalSection(ExtensibilityGlobals) = postSolution
		SolutionGuid = {A4A20C0C-7F3C-43F0-A5BA-ED5A7B5ECCFD}
	EndGlobalSection
EndGlobal
